
Microsoft Visual Studio Solution File, Format Version 12.00
# Visual Studio 15
VisualStudioVersion = 15.0.27703.2042
MinimumVisualStudioVersion = 10.0.40219.1
Project("{FAE04EC0-301F-11D3-BF4B-00C04F79EFBC}") = "Aula3107_Console", "Aula3107_Console\Aula3107_Console.csproj", "{FD011EF5-56B3-44D8-AC1A-54191662AC12}"
EndProject
Project("{FAE04EC0-301F-11D3-BF4B-00C04F79EFBC}") = "Aula02-08_POO", "Aula02-08_POO\Aula02-08_POO.csproj", "{D967AD94-0B75-49D2-99D7-2F9C191B6F6F}"
EndProject
Project("{FAE04EC0-301F-11D3-BF4B-00C04F79EFBC}") = "Aula0708_WPF", "Aula0708_WPF\Aula0708_WPF.csproj", "{4991B0BA-7709-4078-9B9C-9C084EE8C204}"
EndProject
Project("{FAE04EC0-301F-11D3-BF4B-00C04F79EFBC}") = "Aula1408_EntityFrameWork1", "Aula1408_EntityFrameWork1\Aula1408_EntityFrameWork1.csproj", "{81DE61C1-303E-41D0-8E92-8BF03CEE86B7}"
EndProject
Global
	GlobalSection(SolutionConfigurationPlatforms) = preSolution
		Debug|Any CPU = Debug|Any CPU
		Release|Any CPU = Release|Any CPU
	EndGlobalSection
	GlobalSection(ProjectConfigurationPlatforms) = postSolution
		{FD011EF5-56B3-44D8-AC1A-54191662AC12}.Debug|Any CPU.ActiveCfg = Debug|Any CPU
		{FD011EF5-56B3-44D8-AC1A-54191662AC12}.Debug|Any CPU.Build.0 = Debug|Any CPU
		{FD011EF5-56B3-44D8-AC1A-54191662AC12}.Release|Any CPU.ActiveCfg = Release|Any CPU
		{FD011EF5-56B3-44D8-AC1A-54191662AC12}.Release|Any CPU.Build.0 = Release|Any CPU
		{D967AD94-0B75-49D2-99D7-2F9C191B6F6F}.Debug|Any CPU.ActiveCfg = Debug|Any CPU
		{D967AD94-0B75-49D2-99D7-2F9C191B6F6F}.Debug|Any CPU.Build.0 = Debug|Any CPU
		{D967AD94-0B75-49D2-99D7-2F9C191B6F6F}.Release|Any CPU.ActiveCfg = Release|Any CPU
		{D967AD94-0B75-49D2-99D7-2F9C191B6F6F}.Release|Any CPU.Build.0 = Release|Any CPU
		{4991B0BA-7709-4078-9B9C-9C084EE8C204}.Debug|Any CPU.ActiveCfg = Debug|Any CPU
		{4991B0BA-7709-4078-9B9C-9C084EE8C204}.Debug|Any CPU.Build.0 = Debug|Any CPU
		{4991B0BA-7709-4078-9B9C-9C084EE8C204}.Release|Any CPU.ActiveCfg = Release|Any CPU
		{4991B0BA-7709-4078-9B9C-9C084EE8C204}.Release|Any CPU.Build.0 = Release|Any CPU
		{81DE61C1-303E-41D0-8E92-8BF03CEE86B7}.Debug|Any CPU.ActiveCfg = Debug|Any CPU
		{81DE61C1-303E-41D0-8E92-8BF03CEE86B7}.Debug|Any CPU.Build.0 = Debug|Any CPU
		{81DE61C1-303E-41D0-8E92-8BF03CEE86B7}.Release|Any CPU.ActiveCfg = Release|Any CPU
		{81DE61C1-303E-41D0-8E92-8BF03CEE86B7}.Release|Any CPU.Build.0 = Release|Any CPU
	EndGlobalSection
	GlobalSection(SolutionProperties) = preSolution
		HideSolutionNode = FALSE
	EndGlobalSection
	GlobalSection(ExtensibilityGlobals) = postSolution
		SolutionGuid = {382EA7B8-E50B-4B7E-B0F1-2AE6C2314950}
	EndGlobalSection
EndGlobal
